hash: 521c8a8f5f9097a4fc9df7d470c02c993f80cecfb8921a20762ac8372b6de738
updated: 2015-12-25T22:51:09.379128726Z
imports:
- name: appengine
  version: ""
  repo: https://appengine
- name: appengine/datastore
  version: ""
  repo: https://appengine/datastore
- name: appengine/memcache
  version: ""
  repo: https://appengine/memcache
- name: appengine/urlfetch
  version: ""
  repo: https://appengine/urlfetch
- name: appengine/user
  version: ""
  repo: https://appengine/user
- name: cgt.name/pkg/go-mwclient
  version: d40301c3a6ca46f614bce5d283fe4fe762ad7205
- name: github.com/antonholmquist/jason
  version: 45d2bc81fe7570f04969728f3a941216fc565b61
- name: github.com/azr/backoff
  version: dd6e01f857f8c114b40c6ce808502a87c58c6816
- name: github.com/ChimeraCoder/anaconda
  version: aa628ec9b414f6a2d88834a40e3b2bbef4dbdf1b
- name: github.com/ChimeraCoder/tokenbucket
  version: c5a927568de7aad8a58127d80bcd36ca4e71e454
- name: github.com/dustin/go-jsonpointer
  version: 2efc9fef1d9421a8d252a32e20beb10cecd2bbca
- name: github.com/dustin/gojson
  version: af16e0e771e2ed110f2785564ae33931de8829e4
- name: github.com/erbridge/gotwit
  version: a2aec6f3831738982be413535e81af5c6ca57b3b
  subpackages:
  - twitter
- name: github.com/garyburd/go-oauth
  version: 3131beb69b81ff119923bdefbf029318f1f53794
devImports: []
